
Microsoft Visual Studio Solution File, Format Version 12.00
# Visual Studio Version 17
VisualStudioVersion = 17.3.32901.215
MinimumVisualStudioVersion = 10.0.40219.1
Project("{FAE04EC0-301F-11D3-BF4B-00C04F79EFBC}") = "InventoryWebService", "InventoryWebService\InventoryWebService.csproj", "{D2542A2A-1BC1-459B-87E5-713ED2A49DAD}"
EndProject
Global
	GlobalSection(SolutionConfigurationPlatforms) = preSolution
		Debug|Any CPU = Debug|Any CPU
		Release|Any CPU = Release|Any CPU
	EndGlobalSection
	GlobalSection(ProjectConfigurationPlatforms) = postSolution
		{D2542A2A-1BC1-459B-87E5-713ED2A49DAD}.Debug|Any CPU.ActiveCfg = Debug|Any CPU
		{D2542A2A-1BC1-459B-87E5-713ED2A49DAD}.Debug|Any CPU.Build.0 = Debug|Any CPU
		{D2542A2A-1BC1-459B-87E5-713ED2A49DAD}.Release|Any CPU.ActiveCfg = Release|Any CPU
		{D2542A2A-1BC1-459B-87E5-713ED2A49DAD}.Release|Any CPU.Build.0 = Release|Any CPU
	EndGlobalSection
	GlobalSection(SolutionProperties) = preSolution
		HideSolutionNode = FALSE
	EndGlobalSection
	GlobalSection(ExtensibilityGlobals) = postSolution
		SolutionGuid = {7520FA79-B33B-43EE-8BC4-BF61C9FD18FF}
	EndGlobalSection
EndGlobal
